
Microsoft Visual Studio Solution File, Format Version 12.00
# Visual Studio 15
VisualStudioVersion = 15.0.28010.2026
MinimumVisualStudioVersion = 10.0.40219.1
Project("{FAE04EC0-301F-11D3-BF4B-00C04F79EFBC}") = "DataFlowzzBuzz", "src\DataFlowzzBuzz\DataFlowzzBuzz.csproj", "{DC6B2BBA-0A9E-4040-B5F5-4B06D46E4AF9}"
EndProject
Global
	GlobalSection(SolutionConfigurationPlatforms) = preSolution
		Debug|Any CPU = Debug|Any CPU
		Release|Any CPU = Release|Any CPU
	EndGlobalSection
	GlobalSection(ProjectConfigurationPlatforms) = postSolution
		{DC6B2BBA-0A9E-4040-B5F5-4B06D46E4AF9}.Debug|Any CPU.ActiveCfg = Debug|Any CPU
		{DC6B2BBA-0A9E-4040-B5F5-4B06D46E4AF9}.Debug|Any CPU.Build.0 = Debug|Any CPU
		{DC6B2BBA-0A9E-4040-B5F5-4B06D46E4AF9}.Release|Any CPU.ActiveCfg = Release|Any CPU
		{DC6B2BBA-0A9E-4040-B5F5-4B06D46E4AF9}.Release|Any CPU.Build.0 = Release|Any CPU
	EndGlobalSection
	GlobalSection(SolutionProperties) = preSolution
		HideSolutionNode = FALSE
	EndGlobalSection
	GlobalSection(ExtensibilityGlobals) = postSolution
		SolutionGuid = {64169E70-2E9A-4BD7-BE58-86C9A5F1CC1B}
	EndGlobalSection
EndGlobal
